
Microsoft Visual Studio Solution File, Format Version 12.00
# Visual Studio 2012
Project("{FAE04EC0-301F-11D3-BF4B-00C04F79EFBC}") = "PortListener", "PortListener.csproj", "{9FEB133E-06C7-459A-855F-E1708BF269E4}"
EndProject
Global
	GlobalSection(SolutionConfigurationPlatforms) = preSolution
		Debug|Any CPU = Debug|Any CPU
		Release|Any CPU = Release|Any CPU
	EndGlobalSection
	GlobalSection(ProjectConfigurationPlatforms) = postSolution
		{9FEB133E-06C7-459A-855F-E1708BF269E4}.Debug|Any CPU.ActiveCfg = Debug|Any CPU
		{9FEB133E-06C7-459A-855F-E1708BF269E4}.Debug|Any CPU.Build.0 = Debug|Any CPU
		{9FEB133E-06C7-459A-855F-E1708BF269E4}.Release|Any CPU.ActiveCfg = Release|Any CPU
		{9FEB133E-06C7-459A-855F-E1708BF269E4}.Release|Any CPU.Build.0 = Release|Any CPU
	EndGlobalSection
	GlobalSection(SolutionProperties) = preSolution
		HideSolutionNode = FALSE
	EndGlobalSection
EndGlobal
